// !$*UTF8*$!
{
	archiveVersion = 1;
	classes = {
	};
	objectVersion = 55;
	objects = {

/* Begin PBXBuildFile section */
		BDAA8B0628A431DA006A1674 /* AppDelegate.swift in Sources */ = {isa = PBXBuildFile; fileRef = BDAA8B0528A431DA006A1674 /* AppDelegate.swift */; };
		BDAA8B0828A431DA006A1674 /* SceneDelegate.swift in Sources */ = {isa = PBXBuildFile; fileRef = BDAA8B0728A431DA006A1674 /* SceneDelegate.swift */; };
		BDAA8B0A28A431DA006A1674 /* ViewController.swift in Sources */ = {isa = PBXBuildFile; fileRef = BDAA8B0928A431DA006A1674 /* ViewController.swift */; };
		BDAA8B0D28A431DA006A1674 /* Main.storyboard in Resources */ = {isa = PBXBuildFile; fileRef = BDAA8B0B28A431DA006A1674 /* Main.storyboard */; };
		BDAA8B0F28A431DC006A1674 /* Assets.xcassets in Resources */ = {isa = PBXBuildFile; fileRef = BDAA8B0E28A431DC006A1674 /* Assets.xcassets */; };
		BDAA8B1228A431DC006A1674 /* LaunchScreen.storyboard in Resources */ = {isa = PBXBuildFile; fileRef = BDAA8B1028A431DC006A1674 /* LaunchScreen.storyboard */; };
		BDAA8B1A28A432EE006A1674 /* cachorro.png in Resources */ = {isa = PBXBuildFile; fileRef = BDAA8B1928A432EE006A1674 /* cachorro.png */; };
/* End PBXBuildFile section */

/* Begin PBXFileReference section */
		BDAA8B0228A431DA006A1674 /* Idade de Cachorro.app */ = {isa = PBXFileReference; explicitFileType = wrapper.application; includeInIndex = 0; path = "Idade de Cachorro.app"; sourceTree = BUILT_PRODUCTS_DIR; };
		BDAA8B0528A431DA006A1674 /* AppDelegate.swift */ = {isa = PBXFileReference; lastKnownFileType = sourcecode.swift; path = AppDelegate.swift; sourceTree = "<group>"; };
		BDAA8B0728A431DA006A1674 /* SceneDelegate.swift */ = {isa = PBXFileReference; lastKnownFileType = sourcecode.swift; path = SceneDelegate.swift; sourceTree = "<group>"; };
		BDAA8B0928A431DA006A1674 /* ViewController.swift */ = {isa = PBXFileReference; lastKnownFileType = sourcecode.swift; path = ViewController.swift; sourceTree = "<group>"; };
		BDAA8B0C28A431DA006A1674 /* Base */ = {isa = PBXFileReference; lastKnownFileType = file.storyboard; name = Base; path = Base.lproj/Main.storyboard; sourceTree = "<group>"; };
		BDAA8B0E28A431DC006A1674 /* Assets.xcassets */ = {isa = PBXFileReference; lastKnownFileType = folder.assetcatalog; path = Assets.xcassets; sourceTree = "<group>"; };
		BDAA8B1128A431DC006A1674 /* Base */ = {isa = PBXFileReference; lastKnownFileType = file.storyboard; name = Base; path = Base.lproj/LaunchScreen.storyboard; sourceTree = "<group>"; };
		BDAA8B1328A431DC006A1674 /* Info.plist */ = {isa = PBXFileReference; lastKnownFileType = text.plist.xml; path = Info.plist; sourceTree = "<group>"; };
		BDAA8B1928A432EE006A1674 /* cachorro.png */ = {isa = PBXFileReference; lastKnownFileType = image.png; name = cachorro.png; path = "imagens-app-idade-cachorro/cachorro.png"; sourceTree = SOURCE_ROOT; };
/* End PBXFileReference section */

/* Begin PBXFrameworksBuildPhase section */
		BDAA8AFF28A431DA006A1674 /* Frameworks */ = {
			isa = PBXFrameworksBuildPhase;
			buildActionMask = 2147483647;
			files = (
			);
			runOnlyForDeploymentPostprocessing = 0;
		};
/* End PBXFrameworksBuildPhase section */

/* Begin PBXGroup section */
		BDAA8AF928A431DA006A1674 = {
			isa = PBXGroup;
			children = (
				BDAA8B0428A431DA006A1674 /* Idade de Cachorro */,
				BDAA8B0328A431DA006A1674 /* Products */,
			);
			sourceTree = "<group>";
		};
		BDAA8B0328A431DA006A1674 /* Products */ = {
			isa = PBXGroup;
			children = (
				BDAA8B0228A431DA006A1674 /* Idade de Cachorro.app */,
			);
			name = Products;
			sourceTree = "<group>";
		};
		BDAA8B0428A431DA006A1674 /* Idade de Cachorro */ = {
			isa = PBXGroup;
			children = (
				BDAA8B0528A431DA006A1674 /* AppDelegate.swift */,
				BDAA8B0728A431DA006A1674 /* SceneDelegate.swift */,
				BDAA8B0928A431DA006A1674 /* ViewController.swift */,
				BDAA8B0B28A431DA006A1674 /* Main.storyboard */,
				BDAA8B0E28A431DC006A1674 /* Assets.xcassets */,
				BDAA8B1028A431DC006A1674 /* LaunchScreen.storyboard */,
				BDAA8B1328A431DC006A1674 /* Info.plist */,
				BDAA8B1928A432EE006A1674 /* cachorro.png */,
			);
			path = "Idade de Cachorro";
			sourceTree = "<group>";
		};
/* End PBXGroup section */

/* Begin PBXNativeTarget section */
		BDAA8B0128A431DA006A1674 /* Idade de Cachorro */ = {
			isa = PBXNativeTarget;
			buildConfigurationList = BDAA8B1628A431DC006A1674 /* Build configuration list for PBXNativeTarget "Idade de Cachorro" */;
			buildPhases = (
				BDAA8AFE28A431DA006A1674 /* Sources */,
				BDAA8AFF28A431DA006A1674 /* Frameworks */,
				BDAA8B0028A431DA006A1674 /* Resources */,
			);
			buildRules = (
			);
			dependencies = (
			);
			name = "Idade de Cachorro";
			productName = "Idade de Cachorro";
			productReference = BDAA8B0228A431DA006A1674 /* Idade de Cachorro.app */;
			productType = "com.apple.product-type.application";
		};
/* End PBXNativeTarget section */

/* Begin PBXProject section */
		BDAA8AFA28A431DA006A1674 /* Project object */ = {
			isa = PBXProject;
			attributes = {
				BuildIndependentTargetsInParallel = 1;
				LastSwiftUpdateCheck = 1340;
				LastUpgradeCheck = 1340;
				TargetAttributes = {
					BDAA8B0128A431DA006A1674 = {
						CreatedOnToolsVersion = 13.4.1;
					};
				};
			};
			buildConfigurationList = BDAA8AFD28A431DA006A1674 /* Build configuration list for PBXProject "Idade de Cachorro" */;
			compatibilityVersion = "Xcode 13.0";
			developmentRegion = en;
			hasScannedForEncodings = 0;
			knownRegions = (
				en,
				Base,
			);
			mainGroup = BDAA8AF928A431DA006A1674;
			productRefGroup = BDAA8B0328A431DA006A1674 /* Products */;
			projectDirPath = "";
			projectRoot = "";
			targets = (
				BDAA8B0128A431DA006A1674 /* Idade de Cachorro */,
			);
		};
/* End PBXProject section */

/* Begin PBXResourcesBuildPhase section */
		BDAA8B0028A431DA006A1674 /* Resources */ = {
			isa = PBXResourcesBuildPhase;
			buildActionMask = 2147483647;
			files = (
				BDAA8B1A28A432EE006A1674 /* cachorro.png in Resources */,
				BDAA8B1228A431DC006A1674 /* LaunchScreen.storyboard in Resources */,
				BDAA8B0F28A431DC006A1674 /* Assets.xcassets in Resources */,
				BDAA8B0D28A431DA006A1674 /* Main.storyboard in Resources */,
			);
			runOnlyForDeploymentPostprocessing = 0;
		};
/* End PBXResourcesBuildPhase section */

/* Begin PBXSourcesBuildPhase section */
		BDAA8AFE28A431DA006A1674 /* Sources */ = {
			isa = PBXSourcesBuildPhase;
			buildActionMask = 2147483647;
			files = (
				BDAA8B0A28A431DA006A1674 /* ViewController.swift in Sources */,
				BDAA8B0628A431DA006A1674 /* AppDelegate.swift in Sources */,
				BDAA8B0828A431DA006A1674 /* SceneDelegate.swift in Sources */,
			);
			runOnlyForDeploymentPostprocessing = 0;
		};
/* End PBXSourcesBuildPhase section */

/* Begin PBXVariantGroup section */
		BDAA8B0B28A431DA006A1674 /* Main.storyboard */ = {
			isa = PBXVariantGroup;
			children = (
				BDAA8B0C28A431DA006A1674 /* Base */,
			);
			name = Main.storyboard;
			sourceTree = "<group>";
		};
		BDAA8B1028A431DC006A1674 /* LaunchScreen.storyboard */ = {
			isa = PBXVariantGroup;
			children = (
				BDAA8B1128A431DC006A1674 /* Base */,
			);
			name = LaunchScreen.storyboard;
			sourceTree = "<group>";
		};
/* End PBXVariantGroup section */

/* Begin XCBuildConfiguration section */
		BDAA8B1428A431DC006A1674 /* Debug */ = {
			isa = XCBuildConfiguration;
			buildSettings = {
				ALWAYS_SEARCH_USER_PATHS = NO;
				CLANG_ANALYZER_NONNULL = YES;
				CLANG_ANALYZER_NUMBER_OBJECT_CONVERSION = YES_AGGRESSIVE;
				CLANG_CXX_LANGUAGE_STANDARD = "gnu++17";
				CLANG_ENABLE_MODULES = YES;
				CLANG_ENABLE_OBJC_ARC = YES;
				CLANG_ENABLE_OBJC_WEAK = YES;
				CLANG_WARN_BLOCK_CAPTURE_AUTORELEASING = YES;
				CLANG_WARN_BOOL_CONVERSION = YES;
				CLANG_WARN_COMMA = YES;
				CLANG_WARN_CONSTANT_CONVERSION = YES;
				CLANG_WARN_DEPRECATED_OBJC_IMPLEMENTATIONS = YES;
				CLANG_WARN_DIRECT_OBJC_ISA_USAGE = YES_ERROR;
				CLANG_WARN_DOCUMENTATION_COMMENTS = YES;
				CLANG_WARN_EMPTY_BODY = YES;
				CLANG_WARN_ENUM_CONVERSION = YES;
				CLANG_WARN_INFINITE_RECURSION = YES;
				CLANG_WARN_INT_CONVERSION = YES;
				CLANG_WARN_NON_LITERAL_NULL_CONVERSION = YES;
				CLANG_WARN_OBJC_IMPLICIT_RETAIN_SELF = YES;
				CLANG_WARN_OBJC_LITERAL_CONVERSION = YES;
				CLANG_WARN_OBJC_ROOT_CLASS = YES_ERROR;
				CLANG_WARN_QUOTED_INCLUDE_IN_FRAMEWORK_HEADER = YES;
				CLANG_WARN_RANGE_LOOP_ANALYSIS = YES;
				CLANG_WARN_STRICT_PROTOTYPES = YES;
				CLANG_WARN_SUSPICIOUS_MOVE = YES;
				CLANG_WARN_UNGUARDED_AVAILABILITY = YES_AGGRESSIVE;
				CLANG_WARN_UNREACHABLE_CODE = YES;
				CLANG_WARN__DUPLICATE_METHOD_MATCH = YES;
				COPY_PHASE_STRIP = NO;
				DEBUG_INFORMATION_FORMAT = dwarf;
				ENABLE_STRICT_OBJC_MSGSEND = YES;
				ENABLE_TESTABILITY = YES;
				GCC_C_LANGUAGE_STANDARD = gnu11;
				GCC_DYNAMIC_NO_PIC = NO;
				GCC_NO_COMMON_BLOCKS = YES;
				GCC_OPTIMIZATION_LEVEL = 0;
				GCC_PREPROCESSOR_DEFINITIONS = (
					"DEBUG=1",
					"$(inherited)",
				);
				GCC_WARN_64_TO_32_BIT_CONVERSION = YES;
				GCC_WARN_ABOUT_RETURN_TYPE = YES_ERROR;
				GCC_WARN_UNDECLARED_SELECTOR = YES;
				GCC_WARN_UNINITIALIZED_AUTOS = YES_AGGRESSIVE;
				GCC_WARN_UNUSED_FUNCTION = YES;
				GCC_WARN_UNUSED_VARIABLE = YES;
				IPHONEOS_DEPLOYMENT_TARGET = 15.5;
				MTL_ENABLE_DEBUG_INFO = INCLUDE_SOURCE;
				MTL_FAST_MATH = YES;
				ONLY_ACTIVE_ARCH = YES;
				SDKROOT = iphoneos;
				SWIFT_ACTIVE_COMPILATION_CONDITIONS = DEBUG;
				SWIFT_OPTIMIZATION_LEVEL = "-Onone";
			};
			name = Debug;
		};
		BDAA8B1528A431DC006A1674 /* Release */ = {
			isa = XCBuildConfiguration;
			buildSettings = {
				ALWAYS_SEARCH_USER_PATHS = NO;
				CLANG_ANALYZER_NONNULL = YES;
				CLANG_ANALYZER_NUMBER_OBJECT_CONVERSION = YES_AGGRESSIVE;
				CLANG_CXX_LANGUAGE_STANDARD = "gnu++17";
				CLANG_ENABLE_MODULES = YES;
				CLANG_ENABLE_OBJC_ARC = YES;
				CLANG_ENABLE_OBJC_WEAK = YES;
				CLANG_WARN_BLOCK_CAPTURE_AUTORELEASING = YES;
				CLANG_WARN_BOOL_CONVERSION = YES;
				CLANG_WARN_COMMA = YES;
				CLANG_WARN_CONSTANT_CONVERSION = YES;
				CLANG_WARN_DEPRECATED_OBJC_IMPLEMENTATIONS = YES;
				CLANG_WARN_DIRECT_OBJC_ISA_USAGE = YES_ERROR;
				CLANG_WARN_DOCUMENTATION_COMMENTS = YES;
				CLANG_WARN_EMPTY_BODY = YES;
				CLANG_WARN_ENUM_CONVERSION = YES;
				CLANG_WARN_INFINITE_RECURSION = YES;
				CLANG_WARN_INT_CONVERSION = YES;
				CLANG_WARN_NON_LITERAL_NULL_CONVERSION = YES;
				CLANG_WARN_OBJC_IMPLICIT_RETAIN_SELF = YES;
				CLANG_WARN_OBJC_LITERAL_CONVERSION = YES;
				CLANG_WARN_OBJC_ROOT_CLASS = YES_ERROR;
				CLANG_WARN_QUOTED_INCLUDE_IN_FRAMEWORK_HEADER = YES;
				CLANG_WARN_RANGE_LOOP_ANALYSIS = YES;
				CLANG_WARN_STRICT_PROTOTYPES = YES;
				CLANG_WARN_SUSPICIOUS_MOVE = YES;
				CLANG_WARN_UNGUARDED_AVAILABILITY = YES_AGGRESSIVE;
				CLANG_WARN_UNREACHABLE_CODE = YES;
				CLANG_WARN__DUPLICATE_METHOD_MATCH = YES;
				COPY_PHASE_STRIP = NO;
				DEBUG_INFORMATION_FORMAT = "dwarf-with-dsym";
				ENABLE_NS_ASSERTIONS = NO;
				ENABLE_STRICT_OBJC_MSGSEND = YES;
				GCC_C_LANGUAGE_STANDARD = gnu11;
				GCC_NO_COMMON_BLOCKS = YES;
				GCC_WARN_64_TO_32_BIT_CONVERSION = YES;
				GCC_WARN_ABOUT_RETURN_TYPE = YES_ERROR;
				GCC_WARN_UNDECLARED_SELECTOR = YES;
				GCC_WARN_UNINITIALIZED_AUTOS = YES_AGGRESSIVE;
				GCC_WARN_UNUSED_FUNCTION = YES;
				GCC_WARN_UNUSED_VARIABLE = YES;
				IPHONEOS_DEPLOYMENT_TARGET = 15.5;
				MTL_ENABLE_DEBUG_INFO = NO;
				MTL_FAST_MATH = YES;
				SDKROOT = iphoneos;
				SWIFT_COMPILATION_MODE = wholemodule;
				SWIFT_OPTIMIZATION_LEVEL = "-O";
				VALIDATE_PRODUCT = YES;
			};
			name = Release;
		};
		BDAA8B1728A431DC006A1674 /* Debug */ = {
			isa = XCBuildConfiguration;
			buildSettings = {
				ASSETCATALOG_COMPILER_APPICON_NAME = AppIcon;
				ASSETCATALOG_COMPILER_GLOBAL_ACCENT_COLOR_NAME = AccentColor;
				CODE_SIGN_STYLE = Automatic;
				CURRENT_PROJECT_VERSION = 1;
				DEVELOPMENT_TEAM = R9GCXGMN5Y;
				GENERATE_INFOPLIST_FILE = YES;
				INFOPLIST_FILE = "Idade de Cachorro/Info.plist";
				INFOPLIST_KEY_UIApplicationSupportsIndirectInputEvents = YES;
				INFOPLIST_KEY_UILaunchStoryboardName = LaunchScreen;
				INFOPLIST_KEY_UIMainStoryboardFile = Main;
				INFOPLIST_KEY_UISupportedInterfaceOrientations_iPad = "UIInterfaceOrientationPortrait UIInterfaceOrientationPortraitUpsideDown UIInterfaceOrientationLandscapeLeft UIInterfaceOrientationLandscapeRight";
				INFOPLIST_KEY_UISupportedInterfaceOrientations_iPhone = "UIInterfaceOrientationPortrait UIInterfaceOrientationLandscapeLeft UIInterfaceOrientationLandscapeRight";
				LD_RUNPATH_SEARCH_PATHS = (
					"$(inherited)",
					"@executable_path/Frameworks",
				);
				MARKETING_VERSION = 1.0;
				PRODUCT_BUNDLE_IDENTIFIER = "com.nathalia.Idade-de-Cachorro";
				PRODUCT_NAME = "$(TARGET_NAME)";
				SWIFT_EMIT_LOC_STRINGS = YES;
				SWIFT_VERSION = 5.0;
				TARGETED_DEVICE_FAMILY = "1,2";
			};
			name = Debug;
		};
		BDAA8B1828A431DC006A1674 /* Release */ = {
			isa = XCBuildConfiguration;
			buildSettings = {
				ASSETCATALOG_COMPILER_APPICON_NAME = AppIcon;
				ASSETCATALOG_COMPILER_GLOBAL_ACCENT_COLOR_NAME = AccentColor;
				CODE_SIGN_STYLE = Automatic;
				CURRENT_PROJECT_VERSION = 1;
				DEVELOPMENT_TEAM = R9GCXGMN5Y;
				GENERATE_INFOPLIST_FILE = YES;
				INFOPLIST_FILE = "Idade de Cachorro/Info.plist";
				INFOPLIST_KEY_UIApplicationSupportsIndirectInputEvents = YES;
				INFOPLIST_KEY_UILaunchStoryboardName = LaunchScreen;
				INFOPLIST_KEY_UIMainStoryboardFile = Main;
				INFOPLIST_KEY_UISupportedInterfaceOrientations_iPad = "UIInterfaceOrientationPortrait UIInterfaceOrientationPortraitUpsideDown UIInterfaceOrientationLandscapeLeft UIInterfaceOrientationLandscapeRight";
				INFOPLIST_KEY_UISupportedInterfaceOrientations_iPhone = "UIInterfaceOrientationPortrait UIInterfaceOrientationLandscapeLeft UIInterfaceOrientationLandscapeRight";
				LD_RUNPATH_SEARCH_PATHS = (
					"$(inherited)",
					"@executable_path/Frameworks",
				);
				MARKETING_VERSION = 1.0;
				PRODUCT_BUNDLE_IDENTIFIER = "com.nathalia.Idade-de-Cachorro";
				PRODUCT_NAME = "$(TARGET_NAME)";
				SWIFT_EMIT_LOC_STRINGS = YES;
				SWIFT_VERSION = 5.0;
				TARGETED_DEVICE_FAMILY = "1,2";
			};
			name = Release;
		};
/* End XCBuildConfiguration section */

/* Begin XCConfigurationList section */
		BDAA8AFD28A431DA006A1674 /* Build configuration list for PBXProject "Idade de Cachorro" */ = {
			isa = XCConfigurationList;
			buildConfigurations = (
				BDAA8B1428A431DC006A1674 /* Debug */,
				BDAA8B1528A431DC006A1674 /* Release */,
			);
			defaultConfigurationIsVisible = 0;
			defaultConfigurationName = Release;
		};
		BDAA8B1628A431DC006A1674 /* Build configuration list for PBXNativeTarget "Idade de Cachorro" */ = {
			isa = XCConfigurationList;
			buildConfigurations = (
				BDAA8B1728A431DC006A1674 /* Debug */,
				BDAA8B1828A431DC006A1674 /* Release */,
			);
			defaultConfigurationIsVisible = 0;
			defaultConfigurationName = Release;
		};
/* End XCConfigurationList section */
	};
	rootObject = BDAA8AFA28A431DA006A1674 /* Project object */;
}
